
Microsoft Visual Studio Solution File, Format Version 12.00
# Visual Studio Version 16
VisualStudioVersion = 16.0.33130.400
MinimumVisualStudioVersion = 10.0.40219.1
Project("{888888A0-9F3D-457C-B088-3A5042F75D52}") = "Leap Year", "Leap Year\Leap Year.pyproj", "{FC772F63-FD76-4B84-BD14-3F43286FBEED}"
EndProject
Global
	GlobalSection(SolutionConfigurationPlatforms) = preSolution
		Debug|Any CPU = Debug|Any CPU
		Release|Any CPU = Release|Any CPU
	EndGlobalSection
	GlobalSection(ProjectConfigurationPlatforms) = postSolution
		{FC772F63-FD76-4B84-BD14-3F43286FBEED}.Debug|Any CPU.ActiveCfg = Debug|Any CPU
		{FC772F63-FD76-4B84-BD14-3F43286FBEED}.Release|Any CPU.ActiveCfg = Release|Any CPU
	EndGlobalSection
	GlobalSection(SolutionProperties) = preSolution
		HideSolutionNode = FALSE
	EndGlobalSection
	GlobalSection(ExtensibilityGlobals) = postSolution
		SolutionGuid = {5B755B63-93BE-48FA-B84C-A58403DE801D}
	EndGlobalSection
EndGlobal
